github.com/13rac1/fastmath v1.0.0 h1:XwpBf4GWQVmuBAZqIn3S0TSJFNNeJ2VCz0Hzhg3cx2o=
github.com/13rac1/fastmath v1.0.0/go.mod h1:k3NHN6mnipTLXHLGCM5/R5HcTwfIZTwWR9vrm/p2Fvc=
golang.org/x/exp v0.0.0-20231006140011-7918f672742d h1:jtJma62tbqLibJ5sFQz8bKtEM8rJBtfilJ2qTU199MI=
golang.org/x/exp v0.0.0-20231006140011-7918f672742d/go.mod h1:ldy0pHrwJyGW56pPQzzkH36rKxoZW1tw7ZJpeKx+hdo=
tinygo.org/x/drivers v0.26.0 h1:7KSIYssX0ki0dd7yBYkVZWSG0kt8vrZNS0It73TymcA=
tinygo.org/x/drivers v0.26.0/go.mod h1:X7utcg3yfFUFuKLOMTZD56eztXMjpkcf8OHldfTBsjw=
